schema: '2.0'
stages:
  create-dataset:
    cmd: python src/create_dataset.py
    deps:
    - path: data/original_dataset/clean_data.csv
      md5: f0cd8ff9e7cd4a7e86ab7074c7055dab
      size: 199942
    - path: src/config.py
      md5: fb091cc52a55961ad7794da791d7471f
      size: 509
    - path: src/create_dataset.py
      md5: c1c09dfbf2072937befc14bbad1637f3
      size: 986
    outs:
    - path: data/cleaned_data/dataset.csv
      md5: 6e032aac042ee4bbd4b47ca55fa02af9
      size: 199998
  anomaly-detect:
    cmd: python src/anomaly_detect.py
    deps:
    - path: data/cleaned_data/dataset.csv
      md5: 6e032aac042ee4bbd4b47ca55fa02af9
      size: 199998
    - path: src/anomaly_detect.py
      md5: 81ea2cc97c57dd48c25373e83f3c1ee4
      size: 7115
    - path: src/config.py
      md5: fb091cc52a55961ad7794da791d7471f
      size: 509
    params:
      params.yaml:
        anomaly_detect.anomaly_contamination: 0.0045
        anomaly_detect.seed: 36
    outs:
    - path: anomaly_summary.json
      md5: 6037ee159919045e831d8f706c27039d
      size: 98
    - path: data/anomaly_treated/anomalous_data.csv
      md5: 9ef5426a0c91525dd2dd9acdc24cd2e5
      size: 1454
    - path: data/anomaly_treated/anomaly_treated_data.csv
      md5: fb8565b43dfd6bc1b7123114fd729074
      size: 198689
    - path: data/plots_figs/anomaly_detect_plt_pca.png
      md5: b7bfdb183ae79a1ef243c9a460213a3e
      size: 160095
    - path: data/plots_figs/anomaly_detect_plt_tsne.png
      md5: 2f34467a1fa522a1d1e008ece906f238
      size: 155468
  data-split:
    cmd: python src/data_split.py
    deps:
    - path: data/anomaly_treated/anomaly_treated_data.csv
      md5: fb8565b43dfd6bc1b7123114fd729074
      size: 198689
    - path: src/config.py
      md5: fb091cc52a55961ad7794da791d7471f
      size: 509
    - path: src/data_split.py
      md5: eaad548eed77478c1236bd1645b6a444
      size: 1257
    params:
      params.yaml:
        data-split.seed: 42
        data-split.split: 0.2
    outs:
    - path: data/features/x_test.npy
      md5: 9810554057a8e8c855362ff801981cd3
      size: 23232
    - path: data/features/x_train.npy
      md5: ddd295f4f72ad8410c29ad4d7a3ec22a
      size: 92544
    - path: data/features/y_test.npy
      md5: 8bd6082fe0736e982fbbc5a57bcef673
      size: 3016
    - path: data/features/y_train.npy
      md5: a2d72b14ba81e07d0081b6fbb61bea8c
      size: 11680
  normalize:
    cmd: python src/normalize.py
    deps:
    - path: data/features/x_test.npy
      md5: 9810554057a8e8c855362ff801981cd3
      size: 23232
    - path: data/features/x_train.npy
      md5: ddd295f4f72ad8410c29ad4d7a3ec22a
      size: 92544
    - path: src/config.py
      md5: fb091cc52a55961ad7794da791d7471f
      size: 509
    - path: src/normalize.py
      md5: 778bdb4b6ef651f30c4857affe3778c4
      size: 741
    outs:
    - path: data/models/scaling_model.pkl
      md5: 44432d131fa445d057b71372ba15efc8
      size: 641
  training:
    cmd: python src/training.py
    deps:
    - path: data/features/x_train.npy
      md5: ddd295f4f72ad8410c29ad4d7a3ec22a
      size: 92544
    - path: data/features/y_train.npy
      md5: a2d72b14ba81e07d0081b6fbb61bea8c
      size: 11680
    - path: data/models/scaling_model.pkl
      md5: 44432d131fa445d057b71372ba15efc8
      size: 641
    - path: src/config.py
      md5: fb091cc52a55961ad7794da791d7471f
      size: 509
    - path: src/learning_curves.py
      md5: 6ba77068b0d427393851d60621db8330
      size: 4009
    - path: src/training.py
      md5: 538f5b534aba16fe527b666c29e4cb12
      size: 2032
    params:
      params.yaml:
        training.lr: 0.02
        training.m_depth: 5
        training.min_leaf: 6
        training.min_split: 6
        training.n_est: 100
    outs:
    - path: data/models/gbrt_model.pkl
      md5: dda9199708382bd0e6134a741eb04450
      size: 313260
    - path: data/plots_figs/learning_curve.png
      md5: 9093da707ce7caa0ccb5f04f759b22dc
      size: 217500
  evaluate:
    cmd: python src/evaluate.py
    deps:
    - path: data/features/x_test.npy
      md5: 9810554057a8e8c855362ff801981cd3
      size: 23232
    - path: data/features/y_test.npy
      md5: 8bd6082fe0736e982fbbc5a57bcef673
      size: 3016
    - path: data/models/gbrt_model.pkl
      md5: dda9199708382bd0e6134a741eb04450
      size: 313260
    - path: data/models/scaling_model.pkl
      md5: 44432d131fa445d057b71372ba15efc8
      size: 641
    - path: src/config.py
      md5: fb091cc52a55961ad7794da791d7471f
      size: 509
    - path: src/evaluate.py
      md5: 034d0c8d082cd72d09030b8025cef71d
      size: 1581
    outs:
    - path: data/plots_figs/deviance.png
      md5: 107bbce2e8c81187c5ec9f3561aceae9
      size: 52021
    - path: data/plots_figs/feature_importance.png
      md5: 7f7c0f8924fef8cad4033c2617bae33f
      size: 72890
    - path: data/predictions/prediction.csv
      md5: 21c872a1d59b643af669959f1b8308a5
      size: 8952
    - path: scores.json
      md5: f528fc3222a9111343a0fc93568c06e7
      size: 65
